
Microsoft Visual Studio Solution File, Format Version 12.00
# Visual Studio 15
VisualStudioVersion = 15.0.28307.645
MinimumVisualStudioVersion = 10.0.40219.1
Project("{8BC9CEB8-8B4A-11D0-8D11-00A0C91BC942}") = "src", "src\src.vcxproj", "{9DDE5AAE-53BE-4291-82E7-289E927AE618}"
EndProject
Project("{8BC9CEB8-8B4A-11D0-8D11-00A0C91BC942}") = "test", "test\test.vcxproj", "{4BC76720-E0E8-48CA-87AC-46C5C0C78072}"
EndProject
Global
	GlobalSection(SolutionConfigurationPlatforms) = preSolution
		Debug|x64 = Debug|x64
		Debug|x86 = Debug|x86
		Release|x64 = Release|x64
		Release|x86 = Release|x86
	EndGlobalSection
	GlobalSection(ProjectConfigurationPlatforms) = postSolution
		{9DDE5AAE-53BE-4291-82E7-289E927AE618}.Debug|x64.ActiveCfg = Debug|x64
		{9DDE5AAE-53BE-4291-82E7-289E927AE618}.Debug|x64.Build.0 = Debug|x64
		{9DDE5AAE-53BE-4291-82E7-289E927AE618}.Debug|x86.ActiveCfg = Debug|Win32
		{9DDE5AAE-53BE-4291-82E7-289E927AE618}.Debug|x86.Build.0 = Debug|Win32
		{9DDE5AAE-53BE-4291-82E7-289E927AE618}.Release|x64.ActiveCfg = Release|x64
		{9DDE5AAE-53BE-4291-82E7-289E927AE618}.Release|x64.Build.0 = Release|x64
		{9DDE5AAE-53BE-4291-82E7-289E927AE618}.Release|x86.ActiveCfg = Release|Win32
		{9DDE5AAE-53BE-4291-82E7-289E927AE618}.Release|x86.Build.0 = Release|Win32
		{4BC76720-E0E8-48CA-87AC-46C5C0C78072}.Debug|x64.ActiveCfg = Debug|x64
		{4BC76720-E0E8-48CA-87AC-46C5C0C78072}.Debug|x64.Build.0 = Debug|x64
		{4BC76720-E0E8-48CA-87AC-46C5C0C78072}.Debug|x86.ActiveCfg = Debug|Win32
		{4BC76720-E0E8-48CA-87AC-46C5C0C78072}.Debug|x86.Build.0 = Debug|Win32
		{4BC76720-E0E8-48CA-87AC-46C5C0C78072}.Release|x64.ActiveCfg = Release|x64
		{4BC76720-E0E8-48CA-87AC-46C5C0C78072}.Release|x64.Build.0 = Release|x64
		{4BC76720-E0E8-48CA-87AC-46C5C0C78072}.Release|x86.ActiveCfg = Release|Win32
		{4BC76720-E0E8-48CA-87AC-46C5C0C78072}.Release|x86.Build.0 = Release|Win32
	EndGlobalSection
	GlobalSection(SolutionProperties) = preSolution
		HideSolutionNode = FALSE
	EndGlobalSection
	GlobalSection(ExtensibilityGlobals) = postSolution
		SolutionGuid = {734A9792-539A-4081-A9B1-74DD33E7C267}
	EndGlobalSection
EndGlobal
